
Microsoft Visual Studio Solution File, Format Version 12.00
# Visual Studio Version 17
VisualStudioVersion = 17.0.31919.166
MinimumVisualStudioVersion = 10.0.40219.1
Project("{FAE04EC0-301F-11D3-BF4B-00C04F79EFBC}") = "ProjetoElevador", "ProjetoElevador\ProjetoElevador.csproj", "{44C5DAF7-B32B-4DDA-BD00-446A6C55B7BF}"
EndProject
Global
	GlobalSection(SolutionConfigurationPlatforms) = preSolution
		Debug|Any CPU = Debug|Any CPU
		Release|Any CPU = Release|Any CPU
	EndGlobalSection
	GlobalSection(ProjectConfigurationPlatforms) = postSolution
		{44C5DAF7-B32B-4DDA-BD00-446A6C55B7BF}.Debug|Any CPU.ActiveCfg = Debug|Any CPU
		{44C5DAF7-B32B-4DDA-BD00-446A6C55B7BF}.Debug|Any CPU.Build.0 = Debug|Any CPU
		{44C5DAF7-B32B-4DDA-BD00-446A6C55B7BF}.Release|Any CPU.ActiveCfg = Release|Any CPU
		{44C5DAF7-B32B-4DDA-BD00-446A6C55B7BF}.Release|Any CPU.Build.0 = Release|Any CPU
	EndGlobalSection
	GlobalSection(SolutionProperties) = preSolution
		HideSolutionNode = FALSE
	EndGlobalSection
	GlobalSection(ExtensibilityGlobals) = postSolution
		SolutionGuid = {322E3D10-0BEC-4795-AC0B-A70ACD745F9B}
	EndGlobalSection
EndGlobal
